// !$*UTF8*$!
{
	archiveVersion = 1;
	classes = {
	};
	objectVersion = 55;
	objects = {

/* Begin PBXBuildFile section */
		8810E76328E6A581001F3374 /* SettingsView.swift in Sources */ = {isa = PBXBuildFile; fileRef = 8810E76228E6A581001F3374 /* SettingsView.swift */; };
		8814BF2828F759A50068FC7C /* Constants.swift in Sources */ = {isa = PBXBuildFile; fileRef = 8814BF2728F759A50068FC7C /* Constants.swift */; };
		882A7F6528E7C478000075F4 /* GIFImageViewWrapper.swift in Sources */ = {isa = PBXBuildFile; fileRef = 882A7F6428E7C478000075F4 /* GIFImageViewWrapper.swift */; };
		882A7F7528E7CBBC000075F4 /* Lumbar stretch.gif in Resources */ = {isa = PBXBuildFile; fileRef = 882A7F6B28E7CBBA000075F4 /* Lumbar stretch.gif */; };
		882A7F7628E7CBBC000075F4 /* Side bending.gif in Resources */ = {isa = PBXBuildFile; fileRef = 882A7F6C28E7CBBA000075F4 /* Side bending.gif */; };
		882A7F7728E7CBBC000075F4 /* Trapezius stretch.gif in Resources */ = {isa = PBXBuildFile; fileRef = 882A7F6D28E7CBBA000075F4 /* Trapezius stretch.gif */; };
		882A7F7828E7CBBC000075F4 /* Cervical Rotation.gif in Resources */ = {isa = PBXBuildFile; fileRef = 882A7F6E28E7CBBA000075F4 /* Cervical Rotation.gif */; };
		882A7F7928E7CBBC000075F4 /* Head rotation and Chin tuck.gif in Resources */ = {isa = PBXBuildFile; fileRef = 882A7F6F28E7CBBB000075F4 /* Head rotation and Chin tuck.gif */; };
		882A7F7A28E7CBBC000075F4 /* Neck Flexion.gif in Resources */ = {isa = PBXBuildFile; fileRef = 882A7F7028E7CBBB000075F4 /* Neck Flexion.gif */; };
		882A7F7B28E7CBBC000075F4 /* Cervical relaxation.gif in Resources */ = {isa = PBXBuildFile; fileRef = 882A7F7128E7CBBB000075F4 /* Cervical relaxation.gif */; };
		882A7F7C28E7CBBC000075F4 /* Upper back stretch.gif in Resources */ = {isa = PBXBuildFile; fileRef = 882A7F7228E7CBBB000075F4 /* Upper back stretch.gif */; };
		882A7F7D28E7CBBC000075F4 /* Chin tuck.gif in Resources */ = {isa = PBXBuildFile; fileRef = 882A7F7328E7CBBC000075F4 /* Chin tuck.gif */; };
		882A7F7E28E7CBBC000075F4 /* Scapular Retraction.gif in Resources */ = {isa = PBXBuildFile; fileRef = 882A7F7428E7CBBC000075F4 /* Scapular Retraction.gif */; };
		882A7F8B28E7CCFD000075F4 /* Chest expand.gif in Resources */ = {isa = PBXBuildFile; fileRef = 882A7F8128E7CCF8000075F4 /* Chest expand.gif */; };
		882A7F8C28E7CCFD000075F4 /* Cervical semicircles.gif in Resources */ = {isa = PBXBuildFile; fileRef = 882A7F8228E7CCF8000075F4 /* Cervical semicircles.gif */; };
		882A7F8D28E7CCFD000075F4 /* Scapular in W.gif in Resources */ = {isa = PBXBuildFile; fileRef = 882A7F8328E7CCF8000075F4 /* Scapular in W.gif */; };
		882A7F8E28E7CCFD000075F4 /* Trunck rotation.gif in Resources */ = {isa = PBXBuildFile; fileRef = 882A7F8428E7CCF9000075F4 /* Trunck rotation.gif */; };
		882A7F8F28E7CCFD000075F4 /* Thoracic extension.gif in Resources */ = {isa = PBXBuildFile; fileRef = 882A7F8528E7CCF9000075F4 /* Thoracic extension.gif */; };
		882A7F9028E7CCFD000075F4 /* Lateral flexion.gif in Resources */ = {isa = PBXBuildFile; fileRef = 882A7F8628E7CCFA000075F4 /* Lateral flexion.gif */; };
		882A7F9128E7CCFD000075F4 /* Chin tuck and trapezius stretch.gif in Resources */ = {isa = PBXBuildFile; fileRef = 882A7F8728E7CCFB000075F4 /* Chin tuck and trapezius stretch.gif */; };
		882A7F9228E7CCFD000075F4 /* Upper trapezius.gif in Resources */ = {isa = PBXBuildFile; fileRef = 882A7F8828E7CCFC000075F4 /* Upper trapezius.gif */; };
		882A7F9328E7CCFD000075F4 /* Isometric resistance.gif in Resources */ = {isa = PBXBuildFile; fileRef = 882A7F8928E7CCFD000075F4 /* Isometric resistance.gif */; };
		882A7F9428E7CCFD000075F4 /* Neck extension.gif in Resources */ = {isa = PBXBuildFile; fileRef = 882A7F8A28E7CCFD000075F4 /* Neck extension.gif */; };
		882A7F9628E80141000075F4 /* AppTabView.swift in Sources */ = {isa = PBXBuildFile; fileRef = 882A7F9528E80141000075F4 /* AppTabView.swift */; };
		884BB27C28E6BDF500BE3A91 /* View.swift in Sources */ = {isa = PBXBuildFile; fileRef = 884BB27B28E6BDF500BE3A91 /* View.swift */; };
		884BB27E28E6C0CB00BE3A91 /* ConditionalQuestionnaireView.swift in Sources */ = {isa = PBXBuildFile; fileRef = 884BB27D28E6C0CB00BE3A91 /* ConditionalQuestionnaireView.swift */; };
		88505F4228C7BD7E0011BD7F /* Notifications.swift in Sources */ = {isa = PBXBuildFile; fileRef = 88505F4128C7BD7E0011BD7F /* Notifications.swift */; };
		8854142728E77A39007A6BC1 /* Date.swift in Sources */ = {isa = PBXBuildFile; fileRef = 8854142628E77A39007A6BC1 /* Date.swift */; };
		88582B8828BAD04300FA565F /* Posture_CheckApp.swift in Sources */ = {isa = PBXBuildFile; fileRef = 88582B8728BAD04300FA565F /* Posture_CheckApp.swift */; };
		88582B8A28BAD04300FA565F /* ContentView.swift in Sources */ = {isa = PBXBuildFile; fileRef = 88582B8928BAD04300FA565F /* ContentView.swift */; };
		88582B8C28BAD04400FA565F /* Assets.xcassets in Resources */ = {isa = PBXBuildFile; fileRef = 88582B8B28BAD04400FA565F /* Assets.xcassets */; };
		88582B8F28BAD04400FA565F /* Preview Assets.xcassets in Resources */ = {isa = PBXBuildFile; fileRef = 88582B8E28BAD04400FA565F /* Preview Assets.xcassets */; };
		8862F9BF28EE71A800E0BF8D /* Achivements.swift in Sources */ = {isa = PBXBuildFile; fileRef = 8862F9BE28EE71A800E0BF8D /* Achivements.swift */; };
		8862F9C528EE728000E0BF8D /* ProgressBarView.swift in Sources */ = {isa = PBXBuildFile; fileRef = 8862F9C428EE728000E0BF8D /* ProgressBarView.swift */; };
		88667C0E28BD2289003816E0 /* ExerciseListView.swift in Sources */ = {isa = PBXBuildFile; fileRef = 88667C0D28BD2289003816E0 /* ExerciseListView.swift */; };
		88667C1028BD23FE003816E0 /* ProfileView.swift in Sources */ = {isa = PBXBuildFile; fileRef = 88667C0F28BD23FE003816E0 /* ProfileView.swift */; };
		88667C1228BD25E2003816E0 /* ExerciseDetailView.swift in Sources */ = {isa = PBXBuildFile; fileRef = 88667C1128BD25E2003816E0 /* ExerciseDetailView.swift */; };
		88667C1428BD2738003816E0 /* QuestionnaireView.swift in Sources */ = {isa = PBXBuildFile; fileRef = 88667C1328BD2738003816E0 /* QuestionnaireView.swift */; };
		886C84C928C0626E000D3973 /* DeveloperView.swift in Sources */ = {isa = PBXBuildFile; fileRef = 886C84C828C0626E000D3973 /* DeveloperView.swift */; };
		8888CE9C28C2AB48008009A0 /* Questionnaires.swift in Sources */ = {isa = PBXBuildFile; fileRef = 8888CE9B28C2AB48008009A0 /* Questionnaires.swift */; };
		8888CEA128C2B4EE008009A0 /* FIleManager-DocumentsDirectory.swift in Sources */ = {isa = PBXBuildFile; fileRef = 8888CEA028C2B4EE008009A0 /* FIleManager-DocumentsDirectory.swift */; };
		8888CEA628C2F506008009A0 /* Keys.swift in Sources */ = {isa = PBXBuildFile; fileRef = 8888CEA528C2F506008009A0 /* Keys.swift */; };
		88AA052628C79D5400395A97 /* Exercises.swift in Sources */ = {isa = PBXBuildFile; fileRef = 88AA052528C79D5400395A97 /* Exercises.swift */; };
		88CD15BB28F277E20012FB55 /* Upper trapezius icon.png in Resources */ = {isa = PBXBuildFile; fileRef = 88CD15BA28F277E20012FB55 /* Upper trapezius icon.png */; };
		88CD15BD28F277FC0012FB55 /* Upper back stretch icon.png in Resources */ = {isa = PBXBuildFile; fileRef = 88CD15BC28F277FC0012FB55 /* Upper back stretch icon.png */; };
		88CD15BF28F278150012FB55 /* Trunck rotation icon.png in Resources */ = {isa = PBXBuildFile; fileRef = 88CD15BE28F278150012FB55 /* Trunck rotation icon.png */; };
		88CD15C128F278230012FB55 /* Trapezius stretch icon.png in Resources */ = {isa = PBXBuildFile; fileRef = 88CD15C028F278230012FB55 /* Trapezius stretch icon.png */; };
		88CD15C328F278630012FB55 /* Thoracic extension icon.png in Resources */ = {isa = PBXBuildFile; fileRef = 88CD15C228F278630012FB55 /* Thoracic extension icon.png */; };
		88CD15C528F278C70012FB55 /* Side bending icon.png in Resources */ = {isa = PBXBuildFile; fileRef = 88CD15C428F278C70012FB55 /* Side bending icon.png */; };
		88CD15C728F278D60012FB55 /* Scapular in W icon.png in Resources */ = {isa = PBXBuildFile; fileRef = 88CD15C628F278D60012FB55 /* Scapular in W icon.png */; };
		88CD15C928F278E30012FB55 /* Scapular Retraction icon.png in Resources */ = {isa = PBXBuildFile; fileRef = 88CD15C828F278E30012FB55 /* Scapular Retraction icon.png */; };
		88CD15CB28F278F60012FB55 /* Neck extension icon.png in Resources */ = {isa = PBXBuildFile; fileRef = 88CD15CA28F278F60012FB55 /* Neck extension icon.png */; };
		88CD15CD28F279020012FB55 /* Neck Flexion icon.png in Resources */ = {isa = PBXBuildFile; fileRef = 88CD15CC28F279020012FB55 /* Neck Flexion icon.png */; };
		88CD15CF28F279120012FB55 /* Lumbar stretch icon.png in Resources */ = {isa = PBXBuildFile; fileRef = 88CD15CE28F279120012FB55 /* Lumbar stretch icon.png */; };
		88CD15D128F279240012FB55 /* Lateral flexion icon.png in Resources */ = {isa = PBXBuildFile; fileRef = 88CD15D028F279240012FB55 /* Lateral flexion icon.png */; };
		88CD15D328F279360012FB55 /* Isometric resistance icon.png in Resources */ = {isa = PBXBuildFile; fileRef = 88CD15D228F279360012FB55 /* Isometric resistance icon.png */; };
		88CD15D528F279440012FB55 /* Head rotation and Chin tuck icon.png in Resources */ = {isa = PBXBuildFile; fileRef = 88CD15D428F279440012FB55 /* Head rotation and Chin tuck icon.png */; };
		88CD15D728F2794D0012FB55 /* Chin tuck icon.png in Resources */ = {isa = PBXBuildFile; fileRef = 88CD15D628F2794D0012FB55 /* Chin tuck icon.png */; };
		88CD15D928F2795A0012FB55 /* Chin tuck and trapezius strech icon.png in Resources */ = {isa = PBXBuildFile; fileRef = 88CD15D828F2795A0012FB55 /* Chin tuck and trapezius strech icon.png */; };
		88CD15DB28F279650012FB55 /* Chest expand icon.png in Resources */ = {isa = PBXBuildFile; fileRef = 88CD15DA28F279650012FB55 /* Chest expand icon.png */; };
		88CD15DD28F279740012FB55 /* Cervical semicircles icon.png in Resources */ = {isa = PBXBuildFile; fileRef = 88CD15DC28F279740012FB55 /* Cervical semicircles icon.png */; };
		88CD15E128F279880012FB55 /* Cervical Rotation icon.png in Resources */ = {isa = PBXBuildFile; fileRef = 88CD15E028F279880012FB55 /* Cervical Rotation icon.png */; };
		88CD15E328F329110012FB55 /* Cervical relaxation icon.png in Resources */ = {isa = PBXBuildFile; fileRef = 88CD15E228F329110012FB55 /* Cervical relaxation icon.png */; };
		88D26D9628F5CE8C00E8DA06 /* User.swift in Sources */ = {isa = PBXBuildFile; fileRef = 88D26D9528F5CE8C00E8DA06 /* User.swift */; };
		88D7E41628DC1D0A00E41E21 /* AppSettings.swift in Sources */ = {isa = PBXBuildFile; fileRef = 88D7E41528DC1D0A00E41E21 /* AppSettings.swift */; };
		88F31E4A28E950DB000FA8AA /* WebView.swift in Sources */ = {isa = PBXBuildFile; fileRef = 88F31E4928E950DB000FA8AA /* WebView.swift */; };
		88F31E4C28E95EB1000FA8AA /* NotificationRoadBlockView.swift in Sources */ = {isa = PBXBuildFile; fileRef = 88F31E4B28E95EB1000FA8AA /* NotificationRoadBlockView.swift */; };
/* End PBXBuildFile section */

/* Begin PBXFileReference section */
		8810E76228E6A581001F3374 /* SettingsView.swift */ = {isa = PBXFileReference; lastKnownFileType = sourcecode.swift; path = SettingsView.swift; sourceTree = "<group>"; };
		8814BF2728F759A50068FC7C /* Constants.swift */ = {isa = PBXFileReference; lastKnownFileType = sourcecode.swift; path = Constants.swift; sourceTree = "<group>"; };
		882A7F6428E7C478000075F4 /* GIFImageViewWrapper.swift */ = {isa = PBXFileReference; lastKnownFileType = sourcecode.swift; path = GIFImageViewWrapper.swift; sourceTree = "<group>"; };
		882A7F6B28E7CBBA000075F4 /* Lumbar stretch.gif */ = {isa = PBXFileReference; lastKnownFileType = image.gif; path = "Lumbar stretch.gif"; sourceTree = "<group>"; };
		882A7F6C28E7CBBA000075F4 /* Side bending.gif */ = {isa = PBXFileReference; lastKnownFileType = image.gif; path = "Side bending.gif"; sourceTree = "<group>"; };
		882A7F6D28E7CBBA000075F4 /* Trapezius stretch.gif */ = {isa = PBXFileReference; lastKnownFileType = image.gif; path = "Trapezius stretch.gif"; sourceTree = "<group>"; };
		882A7F6E28E7CBBA000075F4 /* Cervical Rotation.gif */ = {isa = PBXFileReference; lastKnownFileType = image.gif; path = "Cervical Rotation.gif"; sourceTree = "<group>"; };
		882A7F6F28E7CBBB000075F4 /* Head rotation and Chin tuck.gif */ = {isa = PBXFileReference; lastKnownFileType = image.gif; path = "Head rotation and Chin tuck.gif"; sourceTree = "<group>"; };
		882A7F7028E7CBBB000075F4 /* Neck Flexion.gif */ = {isa = PBXFileReference; lastKnownFileType = image.gif; path = "Neck Flexion.gif"; sourceTree = "<group>"; };
		882A7F7128E7CBBB000075F4 /* Cervical relaxation.gif */ = {isa = PBXFileReference; lastKnownFileType = image.gif; path = "Cervical relaxation.gif"; sourceTree = "<group>"; };
		882A7F7228E7CBBB000075F4 /* Upper back stretch.gif */ = {isa = PBXFileReference; lastKnownFileType = image.gif; path = "Upper back stretch.gif"; sourceTree = "<group>"; };
		882A7F7328E7CBBC000075F4 /* Chin tuck.gif */ = {isa = PBXFileReference; lastKnownFileType = image.gif; path = "Chin tuck.gif"; sourceTree = "<group>"; };
		882A7F7428E7CBBC000075F4 /* Scapular Retraction.gif */ = {isa = PBXFileReference; lastKnownFileType = image.gif; path = "Scapular Retraction.gif"; sourceTree = "<group>"; };
		882A7F8128E7CCF8000075F4 /* Chest expand.gif */ = {isa = PBXFileReference; lastKnownFileType = image.gif; path = "Chest expand.gif"; sourceTree = "<group>"; };
		882A7F8228E7CCF8000075F4 /* Cervical semicircles.gif */ = {isa = PBXFileReference; lastKnownFileType = image.gif; path = "Cervical semicircles.gif"; sourceTree = "<group>"; };
		882A7F8328E7CCF8000075F4 /* Scapular in W.gif */ = {isa = PBXFileReference; lastKnownFileType = image.gif; path = "Scapular in W.gif"; sourceTree = "<group>"; };
		882A7F8428E7CCF9000075F4 /* Trunck rotation.gif */ = {isa = PBXFileReference; lastKnownFileType = image.gif; path = "Trunck rotation.gif"; sourceTree = "<group>"; };
		882A7F8528E7CCF9000075F4 /* Thoracic extension.gif */ = {isa = PBXFileReference; lastKnownFileType = image.gif; path = "Thoracic extension.gif"; sourceTree = "<group>"; };
		882A7F8628E7CCFA000075F4 /* Lateral flexion.gif */ = {isa = PBXFileReference; lastKnownFileType = image.gif; path = "Lateral flexion.gif"; sourceTree = "<group>"; };
		882A7F8728E7CCFB000075F4 /* Chin tuck and trapezius stretch.gif */ = {isa = PBXFileReference; lastKnownFileType = image.gif; path = "Chin tuck and trapezius stretch.gif"; sourceTree = "<group>"; };
		882A7F8828E7CCFC000075F4 /* Upper trapezius.gif */ = {isa = PBXFileReference; lastKnownFileType = image.gif; path = "Upper trapezius.gif"; sourceTree = "<group>"; };
		882A7F8928E7CCFD000075F4 /* Isometric resistance.gif */ = {isa = PBXFileReference; lastKnownFileType = image.gif; path = "Isometric resistance.gif"; sourceTree = "<group>"; };
		882A7F8A28E7CCFD000075F4 /* Neck extension.gif */ = {isa = PBXFileReference; lastKnownFileType = image.gif; path = "Neck extension.gif"; sourceTree = "<group>"; };
		882A7F9528E80141000075F4 /* AppTabView.swift */ = {isa = PBXFileReference; lastKnownFileType = sourcecode.swift; path = AppTabView.swift; sourceTree = "<group>"; };
		884BB27B28E6BDF500BE3A91 /* View.swift */ = {isa = PBXFileReference; lastKnownFileType = sourcecode.swift; path = View.swift; sourceTree = "<group>"; };
		884BB27D28E6C0CB00BE3A91 /* ConditionalQuestionnaireView.swift */ = {isa = PBXFileReference; lastKnownFileType = sourcecode.swift; path = ConditionalQuestionnaireView.swift; sourceTree = "<group>"; };
		88505F4128C7BD7E0011BD7F /* Notifications.swift */ = {isa = PBXFileReference; lastKnownFileType = sourcecode.swift; name = Notifications.swift; path = "Posture Check/Views/Notifications.swift"; sourceTree = SOURCE_ROOT; };
		8854142628E77A39007A6BC1 /* Date.swift */ = {isa = PBXFileReference; lastKnownFileType = sourcecode.swift; path = Date.swift; sourceTree = "<group>"; };
		8854142828E7894D007A6BC1 /* Posture-Check-Info.plist */ = {isa = PBXFileReference; lastKnownFileType = text.plist; path = "Posture-Check-Info.plist"; sourceTree = SOURCE_ROOT; };
		88582B8428BAD04300FA565F /* Posture Check.app */ = {isa = PBXFileReference; explicitFileType = wrapper.application; includeInIndex = 0; path = "Posture Check.app"; sourceTree = BUILT_PRODUCTS_DIR; };
		88582B8728BAD04300FA565F /* Posture_CheckApp.swift */ = {isa = PBXFileReference; lastKnownFileType = sourcecode.swift; path = Posture_CheckApp.swift; sourceTree = "<group>"; };
		88582B8928BAD04300FA565F /* ContentView.swift */ = {isa = PBXFileReference; lastKnownFileType = sourcecode.swift; path = ContentView.swift; sourceTree = "<group>"; };
		88582B8B28BAD04400FA565F /* Assets.xcassets */ = {isa = PBXFileReference; lastKnownFileType = folder.assetcatalog; path = Assets.xcassets; sourceTree = "<group>"; };
		88582B8E28BAD04400FA565F /* Preview Assets.xcassets */ = {isa = PBXFileReference; lastKnownFileType = folder.assetcatalog; path = "Preview Assets.xcassets"; sourceTree = "<group>"; };
		8862F9BE28EE71A800E0BF8D /* Achivements.swift */ = {isa = PBXFileReference; lastKnownFileType = sourcecode.swift; path = Achivements.swift; sourceTree = "<group>"; };
		8862F9C428EE728000E0BF8D /* ProgressBarView.swift */ = {isa = PBXFileReference; lastKnownFileType = sourcecode.swift; path = ProgressBarView.swift; sourceTree = "<group>"; };
		88667C0D28BD2289003816E0 /* ExerciseListView.swift */ = {isa = PBXFileReference; lastKnownFileType = sourcecode.swift; path = ExerciseListView.swift; sourceTree = "<group>"; };
		88667C0F28BD23FE003816E0 /* ProfileView.swift */ = {isa = PBXFileReference; lastKnownFileType = sourcecode.swift; path = ProfileView.swift; sourceTree = "<group>"; };
		88667C1128BD25E2003816E0 /* ExerciseDetailView.swift */ = {isa = PBXFileReference; lastKnownFileType = sourcecode.swift; path = ExerciseDetailView.swift; sourceTree = "<group>"; };
		88667C1328BD2738003816E0 /* QuestionnaireView.swift */ = {isa = PBXFileReference; lastKnownFileType = sourcecode.swift; path = QuestionnaireView.swift; sourceTree = "<group>"; };
		886C84C828C0626E000D3973 /* DeveloperView.swift */ = {isa = PBXFileReference; lastKnownFileType = sourcecode.swift; path = DeveloperView.swift; sourceTree = "<group>"; };
		8888CE9B28C2AB48008009A0 /* Questionnaires.swift */ = {isa = PBXFileReference; lastKnownFileType = sourcecode.swift; path = Questionnaires.swift; sourceTree = "<group>"; };
		8888CEA028C2B4EE008009A0 /* FIleManager-DocumentsDirectory.swift */ = {isa = PBXFileReference; lastKnownFileType = sourcecode.swift; path = "FIleManager-DocumentsDirectory.swift"; sourceTree = "<group>"; };
		8888CEA528C2F506008009A0 /* Keys.swift */ = {isa = PBXFileReference; lastKnownFileType = sourcecode.swift; path = Keys.swift; sourceTree = "<group>"; };
		88AA052528C79D5400395A97 /* Exercises.swift */ = {isa = PBXFileReference; lastKnownFileType = sourcecode.swift; name = Exercises.swift; path = "Posture Check/Views/Exercises.swift"; sourceTree = SOURCE_ROOT; };
		88CD15BA28F277E20012FB55 /* Upper trapezius icon.png */ = {isa = PBXFileReference; lastKnownFileType = image.png; path = "Upper trapezius icon.png"; sourceTree = "<group>"; };
		88CD15BC28F277FC0012FB55 /* Upper back stretch icon.png */ = {isa = PBXFileReference; lastKnownFileType = image.png; path = "Upper back stretch icon.png"; sourceTree = "<group>"; };
		88CD15BE28F278150012FB55 /* Trunck rotation icon.png */ = {isa = PBXFileReference; lastKnownFileType = image.png; path = "Trunck rotation icon.png"; sourceTree = "<group>"; };
		88CD15C028F278230012FB55 /* Trapezius stretch icon.png */ = {isa = PBXFileReference; lastKnownFileType = image.png; path = "Trapezius stretch icon.png"; sourceTree = "<group>"; };
		88CD15C228F278630012FB55 /* Thoracic extension icon.png */ = {isa = PBXFileReference; lastKnownFileType = image.png; path = "Thoracic extension icon.png"; sourceTree = "<group>"; };
		88CD15C428F278C70012FB55 /* Side bending icon.png */ = {isa = PBXFileReference; lastKnownFileType = image.png; path = "Side bending icon.png"; sourceTree = "<group>"; };
		88CD15C628F278D60012FB55 /* Scapular in W icon.png */ = {isa = PBXFileReference; lastKnownFileType = image.png; path = "Scapular in W icon.png"; sourceTree = "<group>"; };
		88CD15C828F278E30012FB55 /* Scapular Retraction icon.png */ = {isa = PBXFileReference; lastKnownFileType = image.png; path = "Scapular Retraction icon.png"; sourceTree = "<group>"; };
		88CD15CA28F278F60012FB55 /* Neck extension icon.png */ = {isa = PBXFileReference; lastKnownFileType = image.png; path = "Neck extension icon.png"; sourceTree = "<group>"; };
		88CD15CC28F279020012FB55 /* Neck Flexion icon.png */ = {isa = PBXFileReference; lastKnownFileType = image.png; path = "Neck Flexion icon.png"; sourceTree = "<group>"; };
		88CD15CE28F279120012FB55 /* Lumbar stretch icon.png */ = {isa = PBXFileReference; lastKnownFileType = image.png; path = "Lumbar stretch icon.png"; sourceTree = "<group>"; };
		88CD15D028F279240012FB55 /* Lateral flexion icon.png */ = {isa = PBXFileReference; lastKnownFileType = image.png; path = "Lateral flexion icon.png"; sourceTree = "<group>"; };
		88CD15D228F279360012FB55 /* Isometric resistance icon.png */ = {isa = PBXFileReference; lastKnownFileType = image.png; path = "Isometric resistance icon.png"; sourceTree = "<group>"; };
		88CD15D428F279440012FB55 /* Head rotation and Chin tuck icon.png */ = {isa = PBXFileReference; lastKnownFileType = image.png; path = "Head rotation and Chin tuck icon.png"; sourceTree = "<group>"; };
		88CD15D628F2794D0012FB55 /* Chin tuck icon.png */ = {isa = PBXFileReference; lastKnownFileType = image.png; path = "Chin tuck icon.png"; sourceTree = "<group>"; };
		88CD15D828F2795A0012FB55 /* Chin tuck and trapezius strech icon.png */ = {isa = PBXFileReference; lastKnownFileType = image.png; path = "Chin tuck and trapezius strech icon.png"; sourceTree = "<group>"; };
		88CD15DA28F279650012FB55 /* Chest expand icon.png */ = {isa = PBXFileReference; lastKnownFileType = image.png; path = "Chest expand icon.png"; sourceTree = "<group>"; };
		88CD15DC28F279740012FB55 /* Cervical semicircles icon.png */ = {isa = PBXFileReference; lastKnownFileType = image.png; path = "Cervical semicircles icon.png"; sourceTree = "<group>"; };
		88CD15E028F279880012FB55 /* Cervical Rotation icon.png */ = {isa = PBXFileReference; lastKnownFileType = image.png; path = "Cervical Rotation icon.png"; sourceTree = "<group>"; };
		88CD15E228F329110012FB55 /* Cervical relaxation icon.png */ = {isa = PBXFileReference; lastKnownFileType = image.png; path = "Cervical relaxation icon.png"; sourceTree = "<group>"; };
		88D26D9528F5CE8C00E8DA06 /* User.swift */ = {isa = PBXFileReference; lastKnownFileType = sourcecode.swift; path = User.swift; sourceTree = "<group>"; };
		88D7E41528DC1D0A00E41E21 /* AppSettings.swift */ = {isa = PBXFileReference; lastKnownFileType = sourcecode.swift; path = AppSettings.swift; sourceTree = "<group>"; };
		88F31E4928E950DB000FA8AA /* WebView.swift */ = {isa = PBXFileReference; lastKnownFileType = sourcecode.swift; name = WebView.swift; path = "Posture Check/Extensions/WebView.swift"; sourceTree = SOURCE_ROOT; };
		88F31E4B28E95EB1000FA8AA /* NotificationRoadBlockView.swift */ = {isa = PBXFileReference; lastKnownFileType = sourcecode.swift; path = NotificationRoadBlockView.swift; sourceTree = "<group>"; };
/* End PBXFileReference section */

/* Begin PBXFrameworksBuildPhase section */
		88582B8128BAD04300FA565F /* Frameworks */ = {
			isa = PBXFrameworksBuildPhase;
			buildActionMask = 2147483647;
			files = (
			);
			runOnlyForDeploymentPostprocessing = 0;
		};
/* End PBXFrameworksBuildPhase section */

/* Begin PBXGroup section */
		882A7F6828E7C8C2000075F4 /* Gifs */ = {
			isa = PBXGroup;
			children = (
				882A7F8028E7CC3A000075F4 /* Advanced Exercises */,
				882A7F7F28E7CC00000075F4 /* Basic Exercises */,
			);
			path = Gifs;
			sourceTree = "<group>";
		};
		882A7F7F28E7CC00000075F4 /* Basic Exercises */ = {
			isa = PBXGroup;
			children = (
				882A7F7128E7CBBB000075F4 /* Cervical relaxation.gif */,
				882A7F6E28E7CBBA000075F4 /* Cervical Rotation.gif */,
				882A7F7328E7CBBC000075F4 /* Chin tuck.gif */,
				882A7F6F28E7CBBB000075F4 /* Head rotation and Chin tuck.gif */,
				882A7F6B28E7CBBA000075F4 /* Lumbar stretch.gif */,
				882A7F7028E7CBBB000075F4 /* Neck Flexion.gif */,
				882A7F7428E7CBBC000075F4 /* Scapular Retraction.gif */,
				882A7F6C28E7CBBA000075F4 /* Side bending.gif */,
				882A7F6D28E7CBBA000075F4 /* Trapezius stretch.gif */,
				882A7F7228E7CBBB000075F4 /* Upper back stretch.gif */,
			);
			path = "Basic Exercises";
			sourceTree = "<group>";
		};
		882A7F8028E7CC3A000075F4 /* Advanced Exercises */ = {
			isa = PBXGroup;
			children = (
				882A7F8228E7CCF8000075F4 /* Cervical semicircles.gif */,
				882A7F8128E7CCF8000075F4 /* Chest expand.gif */,
				882A7F8728E7CCFB000075F4 /* Chin tuck and trapezius stretch.gif */,
				882A7F8928E7CCFD000075F4 /* Isometric resistance.gif */,
				882A7F8628E7CCFA000075F4 /* Lateral flexion.gif */,
				882A7F8A28E7CCFD000075F4 /* Neck extension.gif */,
				882A7F8328E7CCF8000075F4 /* Scapular in W.gif */,
				882A7F8528E7CCF9000075F4 /* Thoracic extension.gif */,
				882A7F8428E7CCF9000075F4 /* Trunck rotation.gif */,
				882A7F8828E7CCFC000075F4 /* Upper trapezius.gif */,
			);
			path = "Advanced Exercises";
			sourceTree = "<group>";
		};
		882A7F9728E813AA000075F4 /* Exercise Images */ = {
			isa = PBXGroup;
			children = (
				882A7F9928E81442000075F4 /* Basic Exercises */,
				882A7F9828E81433000075F4 /* Advanced Exercises */,
			);
			path = "Exercise Images";
			sourceTree = "<group>";
		};
		882A7F9828E81433000075F4 /* Advanced Exercises */ = {
			isa = PBXGroup;
			children = (
				88CD15C628F278D60012FB55 /* Scapular in W icon.png */,
				88CD15D228F279360012FB55 /* Isometric resistance icon.png */,
				88CD15BE28F278150012FB55 /* Trunck rotation icon.png */,
				88CD15DA28F279650012FB55 /* Chest expand icon.png */,
				88CD15D828F2795A0012FB55 /* Chin tuck and trapezius strech icon.png */,
				88CD15D028F279240012FB55 /* Lateral flexion icon.png */,
				88CD15BA28F277E20012FB55 /* Upper trapezius icon.png */,
				88CD15DC28F279740012FB55 /* Cervical semicircles icon.png */,
				88CD15CA28F278F60012FB55 /* Neck extension icon.png */,
				88CD15C228F278630012FB55 /* Thoracic extension icon.png */,
			);
			path = "Advanced Exercises";
			sourceTree = "<group>";
		};
		882A7F9928E81442000075F4 /* Basic Exercises */ = {
			isa = PBXGroup;
			children = (
				88CD15BC28F277FC0012FB55 /* Upper back stretch icon.png */,
				88CD15C028F278230012FB55 /* Trapezius stretch icon.png */,
				88CD15D428F279440012FB55 /* Head rotation and Chin tuck icon.png */,
				88CD15E028F279880012FB55 /* Cervical Rotation icon.png */,
				88CD15CE28F279120012FB55 /* Lumbar stretch icon.png */,
				88CD15D628F2794D0012FB55 /* Chin tuck icon.png */,
				88CD15CC28F279020012FB55 /* Neck Flexion icon.png */,
				88CD15E228F329110012FB55 /* Cervical relaxation icon.png */,
				88CD15C428F278C70012FB55 /* Side bending icon.png */,
				88CD15C828F278E30012FB55 /* Scapular Retraction icon.png */,
			);
			path = "Basic Exercises";
			sourceTree = "<group>";
		};
		88582B7B28BAD04300FA565F = {
			isa = PBXGroup;
			children = (
				88582B8628BAD04300FA565F /* Posture Check */,
				88582B8528BAD04300FA565F /* Products */,
			);
			sourceTree = "<group>";
		};
		88582B8528BAD04300FA565F /* Products */ = {
			isa = PBXGroup;
			children = (
				88582B8428BAD04300FA565F /* Posture Check.app */,
			);
			name = Products;
			sourceTree = "<group>";
		};
		88582B8628BAD04300FA565F /* Posture Check */ = {
			isa = PBXGroup;
			children = (
				882A7F9728E813AA000075F4 /* Exercise Images */,
				88582B8B28BAD04400FA565F /* Assets.xcassets */,
				8854142828E7894D007A6BC1 /* Posture-Check-Info.plist */,
				88582B8728BAD04300FA565F /* Posture_CheckApp.swift */,
				8888CEA228C2B4FE008009A0 /* Extensions */,
				8888CE9D28C2AC66008009A0 /* Model */,
				8888CE9A28C2AB14008009A0 /* Views */,
				882A7F6828E7C8C2000075F4 /* Gifs */,
				88582B8D28BAD04400FA565F /* Preview Content */,
			);
			path = "Posture Check";
			sourceTree = "<group>";
		};
		88582B8D28BAD04400FA565F /* Preview Content */ = {
			isa = PBXGroup;
			children = (
				88582B8E28BAD04400FA565F /* Preview Assets.xcassets */,
			);
			path = "Preview Content";
			sourceTree = "<group>";
		};
		8888CE9A28C2AB14008009A0 /* Views */ = {
			isa = PBXGroup;
			children = (
				882A7F9528E80141000075F4 /* AppTabView.swift */,
				88582B8928BAD04300FA565F /* ContentView.swift */,
				884BB27D28E6C0CB00BE3A91 /* ConditionalQuestionnaireView.swift */,
				886C84C828C0626E000D3973 /* DeveloperView.swift */,
				88667C0D28BD2289003816E0 /* ExerciseListView.swift */,
				88667C1128BD25E2003816E0 /* ExerciseDetailView.swift */,
				88667C0F28BD23FE003816E0 /* ProfileView.swift */,
				8810E76228E6A581001F3374 /* SettingsView.swift */,
				88667C1328BD2738003816E0 /* QuestionnaireView.swift */,
				8862F9C428EE728000E0BF8D /* ProgressBarView.swift */,
				882A7F6428E7C478000075F4 /* GIFImageViewWrapper.swift */,
				88F31E4B28E95EB1000FA8AA /* NotificationRoadBlockView.swift */,
				88F31E4928E950DB000FA8AA /* WebView.swift */,
			);
			path = Views;
			sourceTree = "<group>";
		};
		8888CE9D28C2AC66008009A0 /* Model */ = {
			isa = PBXGroup;
			children = (
				88D7E41528DC1D0A00E41E21 /* AppSettings.swift */,
				88505F4128C7BD7E0011BD7F /* Notifications.swift */,
				8862F9BE28EE71A800E0BF8D /* Achivements.swift */,
				88AA052528C79D5400395A97 /* Exercises.swift */,
				88D26D9528F5CE8C00E8DA06 /* User.swift */,
				8888CEA528C2F506008009A0 /* Keys.swift */,
				8888CE9B28C2AB48008009A0 /* Questionnaires.swift */,
				8814BF2728F759A50068FC7C /* Constants.swift */,
			);
			path = Model;
			sourceTree = "<group>";
		};
		8888CEA228C2B4FE008009A0 /* Extensions */ = {
			isa = PBXGroup;
			children = (
				8888CEA028C2B4EE008009A0 /* FIleManager-DocumentsDirectory.swift */,
				884BB27B28E6BDF500BE3A91 /* View.swift */,
				8854142628E77A39007A6BC1 /* Date.swift */,
			);
			path = Extensions;
			sourceTree = "<group>";
		};
/* End PBXGroup section */

/* Begin PBXNativeTarget section */
		88582B8328BAD04300FA565F /* Posture Check */ = {
			isa = PBXNativeTarget;
			buildConfigurationList = 88582B9228BAD04400FA565F /* Build configuration list for PBXNativeTarget "Posture Check" */;
			buildPhases = (
				88582B8028BAD04300FA565F /* Sources */,
				88582B8128BAD04300FA565F /* Frameworks */,
				88582B8228BAD04300FA565F /* Resources */,
			);
			buildRules = (
			);
			dependencies = (
			);
			name = "Posture Check";
			productName = "Posture Check";
			productReference = 88582B8428BAD04300FA565F /* Posture Check.app */;
			productType = "com.apple.product-type.application";
		};
/* End PBXNativeTarget section */

/* Begin PBXProject section */
		88582B7C28BAD04300FA565F /* Project object */ = {
			isa = PBXProject;
			attributes = {
				BuildIndependentTargetsInParallel = 1;
				LastSwiftUpdateCheck = 1400;
				LastUpgradeCheck = 1400;
				TargetAttributes = {
					88582B8328BAD04300FA565F = {
						CreatedOnToolsVersion = 14.0;
					};
				};
			};
			buildConfigurationList = 88582B7F28BAD04300FA565F /* Build configuration list for PBXProject "Posture Check" */;
			compatibilityVersion = "Xcode 13.0";
			developmentRegion = en;
			hasScannedForEncodings = 0;
			knownRegions = (
				en,
				Base,
			);
			mainGroup = 88582B7B28BAD04300FA565F;
			productRefGroup = 88582B8528BAD04300FA565F /* Products */;
			projectDirPath = "";
			projectRoot = "";
			targets = (
				88582B8328BAD04300FA565F /* Posture Check */,
			);
		};
/* End PBXProject section */

/* Begin PBXResourcesBuildPhase section */
		88582B8228BAD04300FA565F /* Resources */ = {
			isa = PBXResourcesBuildPhase;
			buildActionMask = 2147483647;
			files = (
				88CD15D728F2794D0012FB55 /* Chin tuck icon.png in Resources */,
				88CD15BB28F277E20012FB55 /* Upper trapezius icon.png in Resources */,
				882A7F7728E7CBBC000075F4 /* Trapezius stretch.gif in Resources */,
				882A7F7C28E7CBBC000075F4 /* Upper back stretch.gif in Resources */,
				882A7F8C28E7CCFD000075F4 /* Cervical semicircles.gif in Resources */,
				88CD15DD28F279740012FB55 /* Cervical semicircles icon.png in Resources */,
				882A7F8D28E7CCFD000075F4 /* Scapular in W.gif in Resources */,
				882A7F9428E7CCFD000075F4 /* Neck extension.gif in Resources */,
				88CD15D928F2795A0012FB55 /* Chin tuck and trapezius strech icon.png in Resources */,
				882A7F7828E7CBBC000075F4 /* Cervical Rotation.gif in Resources */,
				88CD15CD28F279020012FB55 /* Neck Flexion icon.png in Resources */,
				88CD15C728F278D60012FB55 /* Scapular in W icon.png in Resources */,
				882A7F8B28E7CCFD000075F4 /* Chest expand.gif in Resources */,
				88CD15D528F279440012FB55 /* Head rotation and Chin tuck icon.png in Resources */,
				882A7F9228E7CCFD000075F4 /* Upper trapezius.gif in Resources */,
				882A7F9328E7CCFD000075F4 /* Isometric resistance.gif in Resources */,
				882A7F7A28E7CBBC000075F4 /* Neck Flexion.gif in Resources */,
				882A7F7D28E7CBBC000075F4 /* Chin tuck.gif in Resources */,
				88CD15BD28F277FC0012FB55 /* Upper back stretch icon.png in Resources */,
				88CD15C128F278230012FB55 /* Trapezius stretch icon.png in Resources */,
				882A7F7E28E7CBBC000075F4 /* Scapular Retraction.gif in Resources */,
				88CD15C928F278E30012FB55 /* Scapular Retraction icon.png in Resources */,
				882A7F7928E7CBBC000075F4 /* Head rotation and Chin tuck.gif in Resources */,
				88CD15C328F278630012FB55 /* Thoracic extension icon.png in Resources */,
				88CD15CB28F278F60012FB55 /* Neck extension icon.png in Resources */,
				882A7F7628E7CBBC000075F4 /* Side bending.gif in Resources */,
				88CD15D128F279240012FB55 /* Lateral flexion icon.png in Resources */,
				882A7F9028E7CCFD000075F4 /* Lateral flexion.gif in Resources */,
				88CD15E328F329110012FB55 /* Cervical relaxation icon.png in Resources */,
				88582B8F28BAD04400FA565F /* Preview Assets.xcassets in Resources */,
				882A7F7528E7CBBC000075F4 /* Lumbar stretch.gif in Resources */,
				88CD15CF28F279120012FB55 /* Lumbar stretch icon.png in Resources */,
				88CD15C528F278C70012FB55 /* Side bending icon.png in Resources */,
				882A7F9128E7CCFD000075F4 /* Chin tuck and trapezius stretch.gif in Resources */,
				88CD15BF28F278150012FB55 /* Trunck rotation icon.png in Resources */,
				88CD15DB28F279650012FB55 /* Chest expand icon.png in Resources */,
				882A7F7B28E7CBBC000075F4 /* Cervical relaxation.gif in Resources */,
				88CD15D328F279360012FB55 /* Isometric resistance icon.png in Resources */,
				882A7F8F28E7CCFD000075F4 /* Thoracic extension.gif in Resources */,
				882A7F8E28E7CCFD000075F4 /* Trunck rotation.gif in Resources */,
				88582B8C28BAD04400FA565F /* Assets.xcassets in Resources */,
				88CD15E128F279880012FB55 /* Cervical Rotation icon.png in Resources */,
			);
			runOnlyForDeploymentPostprocessing = 0;
		};
/* End PBXResourcesBuildPhase section */

/* Begin PBXSourcesBuildPhase section */
		88582B8028BAD04300FA565F /* Sources */ = {
			isa = PBXSourcesBuildPhase;
			buildActionMask = 2147483647;
			files = (
				8814BF2828F759A50068FC7C /* Constants.swift in Sources */,
				88D7E41628DC1D0A00E41E21 /* AppSettings.swift in Sources */,
				88F31E4A28E950DB000FA8AA /* WebView.swift in Sources */,
				882A7F6528E7C478000075F4 /* GIFImageViewWrapper.swift in Sources */,
				88505F4228C7BD7E0011BD7F /* Notifications.swift in Sources */,
				884BB27C28E6BDF500BE3A91 /* View.swift in Sources */,
				88667C1028BD23FE003816E0 /* ProfileView.swift in Sources */,
				88667C1228BD25E2003816E0 /* ExerciseDetailView.swift in Sources */,
				88582B8A28BAD04300FA565F /* ContentView.swift in Sources */,
				8854142728E77A39007A6BC1 /* Date.swift in Sources */,
				8862F9C528EE728000E0BF8D /* ProgressBarView.swift in Sources */,
				88667C0E28BD2289003816E0 /* ExerciseListView.swift in Sources */,
				88667C1428BD2738003816E0 /* QuestionnaireView.swift in Sources */,
				8810E76328E6A581001F3374 /* SettingsView.swift in Sources */,
				8888CE9C28C2AB48008009A0 /* Questionnaires.swift in Sources */,
				8888CEA128C2B4EE008009A0 /* FIleManager-DocumentsDirectory.swift in Sources */,
				886C84C928C0626E000D3973 /* DeveloperView.swift in Sources */,
				88F31E4C28E95EB1000FA8AA /* NotificationRoadBlockView.swift in Sources */,
				88582B8828BAD04300FA565F /* Posture_CheckApp.swift in Sources */,
				8888CEA628C2F506008009A0 /* Keys.swift in Sources */,
				88AA052628C79D5400395A97 /* Exercises.swift in Sources */,
				88D26D9628F5CE8C00E8DA06 /* User.swift in Sources */,
				8862F9BF28EE71A800E0BF8D /* Achivements.swift in Sources */,
				882A7F9628E80141000075F4 /* AppTabView.swift in Sources */,
				884BB27E28E6C0CB00BE3A91 /* ConditionalQuestionnaireView.swift in Sources */,
			);
			runOnlyForDeploymentPostprocessing = 0;
		};
/* End PBXSourcesBuildPhase section */

/* Begin XCBuildConfiguration section */
		88582B9028BAD04400FA565F /* Debug */ = {
			isa = XCBuildConfiguration;
			buildSettings = {
				ALWAYS_SEARCH_USER_PATHS = NO;
				CLANG_ANALYZER_NONNULL = YES;
				CLANG_ANALYZER_NUMBER_OBJECT_CONVERSION = YES_AGGRESSIVE;
				CLANG_CXX_LANGUAGE_STANDARD = "gnu++20";
				CLANG_ENABLE_MODULES = YES;
				CLANG_ENABLE_OBJC_ARC = YES;
				CLANG_ENABLE_OBJC_WEAK = YES;
				CLANG_WARN_BLOCK_CAPTURE_AUTORELEASING = YES;
				CLANG_WARN_BOOL_CONVERSION = YES;
				CLANG_WARN_COMMA = YES;
				CLANG_WARN_CONSTANT_CONVERSION = YES;
				CLANG_WARN_DEPRECATED_OBJC_IMPLEMENTATIONS = YES;
				CLANG_WARN_DIRECT_OBJC_ISA_USAGE = YES_ERROR;
				CLANG_WARN_DOCUMENTATION_COMMENTS = YES;
				CLANG_WARN_EMPTY_BODY = YES;
				CLANG_WARN_ENUM_CONVERSION = YES;
				CLANG_WARN_INFINITE_RECURSION = YES;
				CLANG_WARN_INT_CONVERSION = YES;
				CLANG_WARN_NON_LITERAL_NULL_CONVERSION = YES;
				CLANG_WARN_OBJC_IMPLICIT_RETAIN_SELF = YES;
				CLANG_WARN_OBJC_LITERAL_CONVERSION = YES;
				CLANG_WARN_OBJC_ROOT_CLASS = YES_ERROR;
				CLANG_WARN_QUOTED_INCLUDE_IN_FRAMEWORK_HEADER = YES;
				CLANG_WARN_RANGE_LOOP_ANALYSIS = YES;
				CLANG_WARN_STRICT_PROTOTYPES = YES;
				CLANG_WARN_SUSPICIOUS_MOVE = YES;
				CLANG_WARN_UNGUARDED_AVAILABILITY = YES_AGGRESSIVE;
				CLANG_WARN_UNREACHABLE_CODE = YES;
				CLANG_WARN__DUPLICATE_METHOD_MATCH = YES;
				COPY_PHASE_STRIP = NO;
				DEBUG_INFORMATION_FORMAT = dwarf;
				ENABLE_STRICT_OBJC_MSGSEND = YES;
				ENABLE_TESTABILITY = YES;
				GCC_C_LANGUAGE_STANDARD = gnu11;
				GCC_DYNAMIC_NO_PIC = NO;
				GCC_NO_COMMON_BLOCKS = YES;
				GCC_OPTIMIZATION_LEVEL = 0;
				GCC_PREPROCESSOR_DEFINITIONS = (
					"DEBUG=1",
					"$(inherited)",
				);
				GCC_WARN_64_TO_32_BIT_CONVERSION = YES;
				GCC_WARN_ABOUT_RETURN_TYPE = YES_ERROR;
				GCC_WARN_UNDECLARED_SELECTOR = YES;
				GCC_WARN_UNINITIALIZED_AUTOS = YES_AGGRESSIVE;
				GCC_WARN_UNUSED_FUNCTION = YES;
				GCC_WARN_UNUSED_VARIABLE = YES;
				IPHONEOS_DEPLOYMENT_TARGET = 15.6;
				MTL_ENABLE_DEBUG_INFO = INCLUDE_SOURCE;
				MTL_FAST_MATH = YES;
				ONLY_ACTIVE_ARCH = YES;
				SDKROOT = iphoneos;
				SWIFT_ACTIVE_COMPILATION_CONDITIONS = DEBUG;
				SWIFT_OPTIMIZATION_LEVEL = "-Onone";
			};
			name = Debug;
		};
		88582B9128BAD04400FA565F /* Release */ = {
			isa = XCBuildConfiguration;
			buildSettings = {
				ALWAYS_SEARCH_USER_PATHS = NO;
				CLANG_ANALYZER_NONNULL = YES;
				CLANG_ANALYZER_NUMBER_OBJECT_CONVERSION = YES_AGGRESSIVE;
				CLANG_CXX_LANGUAGE_STANDARD = "gnu++20";
				CLANG_ENABLE_MODULES = YES;
				CLANG_ENABLE_OBJC_ARC = YES;
				CLANG_ENABLE_OBJC_WEAK = YES;
				CLANG_WARN_BLOCK_CAPTURE_AUTORELEASING = YES;
				CLANG_WARN_BOOL_CONVERSION = YES;
				CLANG_WARN_COMMA = YES;
				CLANG_WARN_CONSTANT_CONVERSION = YES;
				CLANG_WARN_DEPRECATED_OBJC_IMPLEMENTATIONS = YES;
				CLANG_WARN_DIRECT_OBJC_ISA_USAGE = YES_ERROR;
				CLANG_WARN_DOCUMENTATION_COMMENTS = YES;
				CLANG_WARN_EMPTY_BODY = YES;
				CLANG_WARN_ENUM_CONVERSION = YES;
				CLANG_WARN_INFINITE_RECURSION = YES;
				CLANG_WARN_INT_CONVERSION = YES;
				CLANG_WARN_NON_LITERAL_NULL_CONVERSION = YES;
				CLANG_WARN_OBJC_IMPLICIT_RETAIN_SELF = YES;
				CLANG_WARN_OBJC_LITERAL_CONVERSION = YES;
				CLANG_WARN_OBJC_ROOT_CLASS = YES_ERROR;
				CLANG_WARN_QUOTED_INCLUDE_IN_FRAMEWORK_HEADER = YES;
				CLANG_WARN_RANGE_LOOP_ANALYSIS = YES;
				CLANG_WARN_STRICT_PROTOTYPES = YES;
				CLANG_WARN_SUSPICIOUS_MOVE = YES;
				CLANG_WARN_UNGUARDED_AVAILABILITY = YES_AGGRESSIVE;
				CLANG_WARN_UNREACHABLE_CODE = YES;
				CLANG_WARN__DUPLICATE_METHOD_MATCH = YES;
				COPY_PHASE_STRIP = NO;
				DEBUG_INFORMATION_FORMAT = "dwarf-with-dsym";
				ENABLE_NS_ASSERTIONS = NO;
				ENABLE_STRICT_OBJC_MSGSEND = YES;
				GCC_C_LANGUAGE_STANDARD = gnu11;
				GCC_NO_COMMON_BLOCKS = YES;
				GCC_WARN_64_TO_32_BIT_CONVERSION = YES;
				GCC_WARN_ABOUT_RETURN_TYPE = YES_ERROR;
				GCC_WARN_UNDECLARED_SELECTOR = YES;
				GCC_WARN_UNINITIALIZED_AUTOS = YES_AGGRESSIVE;
				GCC_WARN_UNUSED_FUNCTION = YES;
				GCC_WARN_UNUSED_VARIABLE = YES;
				IPHONEOS_DEPLOYMENT_TARGET = 15.6;
				MTL_ENABLE_DEBUG_INFO = NO;
				MTL_FAST_MATH = YES;
				SDKROOT = iphoneos;
				SWIFT_COMPILATION_MODE = wholemodule;
				SWIFT_OPTIMIZATION_LEVEL = "-O";
				VALIDATE_PRODUCT = YES;
			};
			name = Release;
		};
		88582B9328BAD04400FA565F /* Debug */ = {
			isa = XCBuildConfiguration;
			buildSettings = {
				ASSETCATALOG_COMPILER_APPICON_NAME = AppIcon;
				ASSETCATALOG_COMPILER_GLOBAL_ACCENT_COLOR_NAME = AccentColor;
				CODE_SIGN_STYLE = Automatic;
				CURRENT_PROJECT_VERSION = 1;
				DEVELOPMENT_ASSET_PATHS = "\"Posture Check/Preview Content\"";
				DEVELOPMENT_TEAM = "";
				ENABLE_PREVIEWS = YES;
				GENERATE_INFOPLIST_FILE = YES;
				INFOPLIST_FILE = "Posture-Check-Info.plist";
				INFOPLIST_KEY_UIApplicationSceneManifest_Generation = YES;
				INFOPLIST_KEY_UIApplicationSupportsIndirectInputEvents = YES;
				INFOPLIST_KEY_UILaunchScreen_Generation = YES;
				INFOPLIST_KEY_UISupportedInterfaceOrientations_iPad = "UIInterfaceOrientationPortrait UIInterfaceOrientationPortraitUpsideDown UIInterfaceOrientationLandscapeLeft UIInterfaceOrientationLandscapeRight";
				INFOPLIST_KEY_UISupportedInterfaceOrientations_iPhone = "UIInterfaceOrientationPortrait UIInterfaceOrientationLandscapeLeft UIInterfaceOrientationLandscapeRight";
				IPHONEOS_DEPLOYMENT_TARGET = 15.5;
				LD_RUNPATH_SEARCH_PATHS = (
					"$(inherited)",
					"@executable_path/Frameworks",
				);
				MARKETING_VERSION = 1.0;
				PRODUCT_BUNDLE_IDENTIFIER = "riveraRiveraLuis.Posture-Check";
				PRODUCT_NAME = "$(TARGET_NAME)";
				SWIFT_EMIT_LOC_STRINGS = YES;
				SWIFT_VERSION = 5.0;
				TARGETED_DEVICE_FAMILY = "1,2";
			};
			name = Debug;
		};
		88582B9428BAD04400FA565F /* Release */ = {
			isa = XCBuildConfiguration;
			buildSettings = {
				ASSETCATALOG_COMPILER_APPICON_NAME = AppIcon;
				ASSETCATALOG_COMPILER_GLOBAL_ACCENT_COLOR_NAME = AccentColor;
				CODE_SIGN_STYLE = Automatic;
				CURRENT_PROJECT_VERSION = 1;
				DEVELOPMENT_ASSET_PATHS = "\"Posture Check/Preview Content\"";
				DEVELOPMENT_TEAM = "";
				ENABLE_PREVIEWS = YES;
				GENERATE_INFOPLIST_FILE = YES;
				INFOPLIST_FILE = "Posture-Check-Info.plist";
				INFOPLIST_KEY_UIApplicationSceneManifest_Generation = YES;
				INFOPLIST_KEY_UIApplicationSupportsIndirectInputEvents = YES;
				INFOPLIST_KEY_UILaunchScreen_Generation = YES;
				INFOPLIST_KEY_UISupportedInterfaceOrientations_iPad = "UIInterfaceOrientationPortrait UIInterfaceOrientationPortraitUpsideDown UIInterfaceOrientationLandscapeLeft UIInterfaceOrientationLandscapeRight";
				INFOPLIST_KEY_UISupportedInterfaceOrientations_iPhone = "UIInterfaceOrientationPortrait UIInterfaceOrientationLandscapeLeft UIInterfaceOrientationLandscapeRight";
				IPHONEOS_DEPLOYMENT_TARGET = 15.5;
				LD_RUNPATH_SEARCH_PATHS = (
					"$(inherited)",
					"@executable_path/Frameworks",
				);
				MARKETING_VERSION = 1.0;
				PRODUCT_BUNDLE_IDENTIFIER = "riveraRiveraLuis.Posture-Check";
				PRODUCT_NAME = "$(TARGET_NAME)";
				SWIFT_EMIT_LOC_STRINGS = YES;
				SWIFT_VERSION = 5.0;
				TARGETED_DEVICE_FAMILY = "1,2";
			};
			name = Release;
		};
/* End XCBuildConfiguration section */

/* Begin XCConfigurationList section */
		88582B7F28BAD04300FA565F /* Build configuration list for PBXProject "Posture Check" */ = {
			isa = XCConfigurationList;
			buildConfigurations = (
				88582B9028BAD04400FA565F /* Debug */,
				88582B9128BAD04400FA565F /* Release */,
			);
			defaultConfigurationIsVisible = 0;
			defaultConfigurationName = Release;
		};
		88582B9228BAD04400FA565F /* Build configuration list for PBXNativeTarget "Posture Check" */ = {
			isa = XCConfigurationList;
			buildConfigurations = (
				88582B9328BAD04400FA565F /* Debug */,
				88582B9428BAD04400FA565F /* Release */,
			);
			defaultConfigurationIsVisible = 0;
			defaultConfigurationName = Release;
		};
/* End XCConfigurationList section */
	};
	rootObject = 88582B7C28BAD04300FA565F /* Project object */;
}
